
Microsoft Visual Studio Solution File, Format Version 12.00
# Visual Studio Version 16
VisualStudioVersion = 16.0.30011.22
MinimumVisualStudioVersion = 10.0.40219.1
Project("{9A19103F-16F7-4668-BE54-9A1E7A4F7556}") = "CosmosDbIoTScenario.Common", "CosmosDbIoTScenario.Common\CosmosDbIoTScenario.Common.csproj", "{A357564E-8E35-4C68-94AF-5DCA46FEE0F4}"
EndProject
Project("{9A19103F-16F7-4668-BE54-9A1E7A4F7556}") = "Functions.CosmosDB", "Functions.CosmosDB\Functions.CosmosDB.csproj", "{14564516-0B1B-47B8-847C-DE84B3CCCE81}"
EndProject
Project("{9A19103F-16F7-4668-BE54-9A1E7A4F7556}") = "Functions.StreamProcessing", "Functions.StreamProcessing\Functions.StreamProcessing.csproj", "{C3BC93CA-D23E-449A-93FA-0F1F4F3B9D69}"
EndProject
Project("{2150E333-8FDC-42A3-9474-1A3956D46DE8}") = "AzureFunctions", "AzureFunctions", "{BEB69533-ADB7-4FC6-845E-23313CCBF18C}"
EndProject
Project("{9A19103F-16F7-4668-BE54-9A1E7A4F7556}") = "FleetManagementWebApp", "FleetManagementWebApp\FleetManagementWebApp.csproj", "{41150400-9E20-4325-B55B-ACA596E8BFBB}"
EndProject
Project("{FAE04EC0-301F-11D3-BF4B-00C04F79EFBC}") = "FleetDataGenerator", "FleetDataGenerator\FleetDataGenerator.csproj", "{1B1B18B9-BFFE-4BB8-9F65-0BD6890A3D17}"
EndProject
Global
	GlobalSection(SolutionConfigurationPlatforms) = preSolution
		Debug|Any CPU = Debug|Any CPU
		Release|Any CPU = Release|Any CPU
	EndGlobalSection
	GlobalSection(ProjectConfigurationPlatforms) = postSolution
		{A357564E-8E35-4C68-94AF-5DCA46FEE0F4}.Debug|Any CPU.ActiveCfg = Debug|Any CPU
		{A357564E-8E35-4C68-94AF-5DCA46FEE0F4}.Debug|Any CPU.Build.0 = Debug|Any CPU
		{A357564E-8E35-4C68-94AF-5DCA46FEE0F4}.Release|Any CPU.ActiveCfg = Release|Any CPU
		{A357564E-8E35-4C68-94AF-5DCA46FEE0F4}.Release|Any CPU.Build.0 = Release|Any CPU
		{14564516-0B1B-47B8-847C-DE84B3CCCE81}.Debug|Any CPU.ActiveCfg = Debug|Any CPU
		{14564516-0B1B-47B8-847C-DE84B3CCCE81}.Debug|Any CPU.Build.0 = Debug|Any CPU
		{14564516-0B1B-47B8-847C-DE84B3CCCE81}.Release|Any CPU.ActiveCfg = Release|Any CPU
		{14564516-0B1B-47B8-847C-DE84B3CCCE81}.Release|Any CPU.Build.0 = Release|Any CPU
		{C3BC93CA-D23E-449A-93FA-0F1F4F3B9D69}.Debug|Any CPU.ActiveCfg = Debug|Any CPU
		{C3BC93CA-D23E-449A-93FA-0F1F4F3B9D69}.Debug|Any CPU.Build.0 = Debug|Any CPU
		{C3BC93CA-D23E-449A-93FA-0F1F4F3B9D69}.Release|Any CPU.ActiveCfg = Release|Any CPU
		{C3BC93CA-D23E-449A-93FA-0F1F4F3B9D69}.Release|Any CPU.Build.0 = Release|Any CPU
		{41150400-9E20-4325-B55B-ACA596E8BFBB}.Debug|Any CPU.ActiveCfg = Debug|Any CPU
		{41150400-9E20-4325-B55B-ACA596E8BFBB}.Debug|Any CPU.Build.0 = Debug|Any CPU
		{41150400-9E20-4325-B55B-ACA596E8BFBB}.Release|Any CPU.ActiveCfg = Release|Any CPU
		{41150400-9E20-4325-B55B-ACA596E8BFBB}.Release|Any CPU.Build.0 = Release|Any CPU
		{1B1B18B9-BFFE-4BB8-9F65-0BD6890A3D17}.Debug|Any CPU.ActiveCfg = Debug|Any CPU
		{1B1B18B9-BFFE-4BB8-9F65-0BD6890A3D17}.Debug|Any CPU.Build.0 = Debug|Any CPU
		{1B1B18B9-BFFE-4BB8-9F65-0BD6890A3D17}.Release|Any CPU.ActiveCfg = Release|Any CPU
		{1B1B18B9-BFFE-4BB8-9F65-0BD6890A3D17}.Release|Any CPU.Build.0 = Release|Any CPU
	EndGlobalSection
	GlobalSection(SolutionProperties) = preSolution
		HideSolutionNode = FALSE
	EndGlobalSection
	GlobalSection(NestedProjects) = preSolution
		{14564516-0B1B-47B8-847C-DE84B3CCCE81} = {BEB69533-ADB7-4FC6-845E-23313CCBF18C}
		{C3BC93CA-D23E-449A-93FA-0F1F4F3B9D69} = {BEB69533-ADB7-4FC6-845E-23313CCBF18C}
	EndGlobalSection
	GlobalSection(ExtensibilityGlobals) = postSolution
		SolutionGuid = {3A9B2A25-5DBF-43FE-8D51-1519FBB66AEE}
	EndGlobalSection
EndGlobal
